
Microsoft Visual Studio Solution File, Format Version 12.00
# Visual Studio Version 17
VisualStudioVersion = 17.13.35605.110 d17.13
MinimumVisualStudioVersion = 10.0.40219.1
Project("{FAE04EC0-301F-11D3-BF4B-00C04F79EFBC}") = "AgGridIQueryableExtensions", "AgGridIQueryableExtensions.csproj", "{88937E96-6859-4F65-9A42-A7F33F98B524}"
EndProject
Project("{FAE04EC0-301F-11D3-BF4B-00C04F79EFBC}") = "TestApplication", "..\TestApplication\TestApplication.csproj", "{2E03DF60-855C-4B5A-97AB-B866D9177DCE}"
EndProject
Global
	GlobalSection(SolutionConfigurationPlatforms) = preSolution
		Debug|Any CPU = Debug|Any CPU
		Release|Any CPU = Release|Any CPU
	EndGlobalSection
	GlobalSection(ProjectConfigurationPlatforms) = postSolution
		{88937E96-6859-4F65-9A42-A7F33F98B524}.Debug|Any CPU.ActiveCfg = Debug|Any CPU
		{88937E96-6859-4F65-9A42-A7F33F98B524}.Debug|Any CPU.Build.0 = Debug|Any CPU
		{88937E96-6859-4F65-9A42-A7F33F98B524}.Release|Any CPU.ActiveCfg = Release|Any CPU
		{88937E96-6859-4F65-9A42-A7F33F98B524}.Release|Any CPU.Build.0 = Release|Any CPU
		{2E03DF60-855C-4B5A-97AB-B866D9177DCE}.Debug|Any CPU.ActiveCfg = Debug|Any CPU
		{2E03DF60-855C-4B5A-97AB-B866D9177DCE}.Debug|Any CPU.Build.0 = Debug|Any CPU
		{2E03DF60-855C-4B5A-97AB-B866D9177DCE}.Release|Any CPU.ActiveCfg = Release|Any CPU
		{2E03DF60-855C-4B5A-97AB-B866D9177DCE}.Release|Any CPU.Build.0 = Release|Any CPU
	EndGlobalSection
	GlobalSection(SolutionProperties) = preSolution
		HideSolutionNode = FALSE
	EndGlobalSection
	GlobalSection(ExtensibilityGlobals) = postSolution
		SolutionGuid = {470E573D-0816-47FD-B0DB-137CE2F499A9}
	EndGlobalSection
EndGlobal
